
Microsoft Visual Studio Solution File, Format Version 12.00
# Visual Studio 15
VisualStudioVersion = 15.0.27130.2036
MinimumVisualStudioVersion = 10.0.40219.1
Project("{FAE04EC0-301F-11D3-BF4B-00C04F79EFBC}") = "SWE Projekt", "SWE Projekt\SWE Projekt.csproj", "{4F60DC7D-A971-45CA-96C6-6F56FB36F0CB}"
EndProject
Global
	GlobalSection(SolutionConfigurationPlatforms) = preSolution
		Debug|Any CPU = Debug|Any CPU
		Release|Any CPU = Release|Any CPU
	EndGlobalSection
	GlobalSection(ProjectConfigurationPlatforms) = postSolution
		{4F60DC7D-A971-45CA-96C6-6F56FB36F0CB}.Debug|Any CPU.ActiveCfg = Debug|Any CPU
		{4F60DC7D-A971-45CA-96C6-6F56FB36F0CB}.Debug|Any CPU.Build.0 = Debug|Any CPU
		{4F60DC7D-A971-45CA-96C6-6F56FB36F0CB}.Release|Any CPU.ActiveCfg = Release|Any CPU
		{4F60DC7D-A971-45CA-96C6-6F56FB36F0CB}.Release|Any CPU.Build.0 = Release|Any CPU
	EndGlobalSection
	GlobalSection(SolutionProperties) = preSolution
		HideSolutionNode = FALSE
	EndGlobalSection
	GlobalSection(ExtensibilityGlobals) = postSolution
		SolutionGuid = {5E7A8ADF-0669-4D4C-BD09-AC37F723DF1D}
	EndGlobalSection
EndGlobal
